
Microsoft Visual Studio Solution File, Format Version 12.00
# Visual Studio Version 16
VisualStudioVersion = 16.0.32929.386
MinimumVisualStudioVersion = 10.0.40219.1
Project("{FAE04EC0-301F-11D3-BF4B-00C04F79EFBC}") = "ExceptionHandling", "ExceptionHandling\ExceptionHandling.csproj", "{3D6A5346-0C38-4C4E-9AF5-546FD5D7BE6A}"
EndProject
Global
	GlobalSection(SolutionConfigurationPlatforms) = preSolution
		Debug|Any CPU = Debug|Any CPU
		Release|Any CPU = Release|Any CPU
	EndGlobalSection
	GlobalSection(ProjectConfigurationPlatforms) = postSolution
		{3D6A5346-0C38-4C4E-9AF5-546FD5D7BE6A}.Debug|Any CPU.ActiveCfg = Debug|Any CPU
		{3D6A5346-0C38-4C4E-9AF5-546FD5D7BE6A}.Debug|Any CPU.Build.0 = Debug|Any CPU
		{3D6A5346-0C38-4C4E-9AF5-546FD5D7BE6A}.Release|Any CPU.ActiveCfg = Release|Any CPU
		{3D6A5346-0C38-4C4E-9AF5-546FD5D7BE6A}.Release|Any CPU.Build.0 = Release|Any CPU
	EndGlobalSection
	GlobalSection(SolutionProperties) = preSolution
		HideSolutionNode = FALSE
	EndGlobalSection
	GlobalSection(ExtensibilityGlobals) = postSolution
		SolutionGuid = {9D0BA633-4D49-4F91-AB70-FA8B87B40B64}
	EndGlobalSection
EndGlobal
